// !$*UTF8*$!
{
	archiveVersion = 1;
	classes = {
	};
	objectVersion = 50;
	objects = {

/* Begin PBXBuildFile section */
		9224368A24C8D759001129AB /* AppDelegate.swift in Sources */ = {isa = PBXBuildFile; fileRef = 9224368924C8D759001129AB /* AppDelegate.swift */; };
		9224368C24C8D759001129AB /* SceneDelegate.swift in Sources */ = {isa = PBXBuildFile; fileRef = 9224368B24C8D759001129AB /* SceneDelegate.swift */; };
		9224368E24C8D759001129AB /* MapVC.swift in Sources */ = {isa = PBXBuildFile; fileRef = 9224368D24C8D759001129AB /* MapVC.swift */; };
		9224369124C8D759001129AB /* Main.storyboard in Resources */ = {isa = PBXBuildFile; fileRef = 9224368F24C8D759001129AB /* Main.storyboard */; };
		9224369324C8D75A001129AB /* Assets.xcassets in Resources */ = {isa = PBXBuildFile; fileRef = 9224369224C8D75A001129AB /* Assets.xcassets */; };
		9224369624C8D75A001129AB /* LaunchScreen.storyboard in Resources */ = {isa = PBXBuildFile; fileRef = 9224369424C8D75A001129AB /* LaunchScreen.storyboard */; };
		922436A124C8D884001129AB /* UdacityAPI.swift in Sources */ = {isa = PBXBuildFile; fileRef = 922436A024C8D884001129AB /* UdacityAPI.swift */; };
		922436A324C8D8AD001129AB /* StudentLocation.swift in Sources */ = {isa = PBXBuildFile; fileRef = 922436A224C8D8AD001129AB /* StudentLocation.swift */; };
		922436A524C8D8CA001129AB /* StudentList.swift in Sources */ = {isa = PBXBuildFile; fileRef = 922436A424C8D8CA001129AB /* StudentList.swift */; };
		92439315250E8A05005F6354 /* UdacityLogin.swift in Sources */ = {isa = PBXBuildFile; fileRef = 92439314250E8A05005F6354 /* UdacityLogin.swift */; };
		925733E824CE161800A09B77 /* StudentsLocationTableVC.swift in Sources */ = {isa = PBXBuildFile; fileRef = 925733E724CE161800A09B77 /* StudentsLocationTableVC.swift */; };
		92A5D4152528C7F600F2F20E /* AddLocationVC.swift in Sources */ = {isa = PBXBuildFile; fileRef = 92A5D4142528C7F600F2F20E /* AddLocationVC.swift */; };
		92E6F8EE24FBD62C00370198 /* LoginVC.swift in Sources */ = {isa = PBXBuildFile; fileRef = 92E6F8ED24FBD62C00370198 /* LoginVC.swift */; };
		92F366FE251A8AC60063A22F /* UdacityError.swift in Sources */ = {isa = PBXBuildFile; fileRef = 92F366FD251A8AC60063A22F /* UdacityError.swift */; };
		E12E6B27252A59BB00D55FE5 /* BaseStudentsVC.swift in Sources */ = {isa = PBXBuildFile; fileRef = E12E6B26252A59BB00D55FE5 /* BaseStudentsVC.swift */; };
		E1D6F06B253793E80051D706 /* LocationState.swift in Sources */ = {isa = PBXBuildFile; fileRef = E1D6F06A253793E80051D706 /* LocationState.swift */; };
/* End PBXBuildFile section */

/* Begin PBXFileReference section */
		9224368624C8D759001129AB /* On-The-Map.app */ = {isa = PBXFileReference; explicitFileType = wrapper.application; includeInIndex = 0; path = "On-The-Map.app"; sourceTree = BUILT_PRODUCTS_DIR; };
		9224368924C8D759001129AB /* AppDelegate.swift */ = {isa = PBXFileReference; lastKnownFileType = sourcecode.swift; path = AppDelegate.swift; sourceTree = "<group>"; };
		9224368B24C8D759001129AB /* SceneDelegate.swift */ = {isa = PBXFileReference; lastKnownFileType = sourcecode.swift; path = SceneDelegate.swift; sourceTree = "<group>"; };
		9224368D24C8D759001129AB /* MapVC.swift */ = {isa = PBXFileReference; lastKnownFileType = sourcecode.swift; path = MapVC.swift; sourceTree = "<group>"; };
		9224369024C8D759001129AB /* Base */ = {isa = PBXFileReference; lastKnownFileType = file.storyboard; name = Base; path = Base.lproj/Main.storyboard; sourceTree = "<group>"; };
		9224369224C8D75A001129AB /* Assets.xcassets */ = {isa = PBXFileReference; lastKnownFileType = folder.assetcatalog; path = Assets.xcassets; sourceTree = "<group>"; };
		9224369524C8D75A001129AB /* Base */ = {isa = PBXFileReference; lastKnownFileType = file.storyboard; name = Base; path = Base.lproj/LaunchScreen.storyboard; sourceTree = "<group>"; };
		9224369724C8D75A001129AB /* Info.plist */ = {isa = PBXFileReference; lastKnownFileType = text.plist.xml; path = Info.plist; sourceTree = "<group>"; };
		922436A024C8D884001129AB /* UdacityAPI.swift */ = {isa = PBXFileReference; lastKnownFileType = sourcecode.swift; path = UdacityAPI.swift; sourceTree = "<group>"; };
		922436A224C8D8AD001129AB /* StudentLocation.swift */ = {isa = PBXFileReference; lastKnownFileType = sourcecode.swift; path = StudentLocation.swift; sourceTree = "<group>"; };
		922436A424C8D8CA001129AB /* StudentList.swift */ = {isa = PBXFileReference; lastKnownFileType = sourcecode.swift; path = StudentList.swift; sourceTree = "<group>"; };
		92439314250E8A05005F6354 /* UdacityLogin.swift */ = {isa = PBXFileReference; lastKnownFileType = sourcecode.swift; path = UdacityLogin.swift; sourceTree = "<group>"; };
		925733E724CE161800A09B77 /* StudentsLocationTableVC.swift */ = {isa = PBXFileReference; lastKnownFileType = sourcecode.swift; path = StudentsLocationTableVC.swift; sourceTree = "<group>"; };
		92A5D4142528C7F600F2F20E /* AddLocationVC.swift */ = {isa = PBXFileReference; lastKnownFileType = sourcecode.swift; path = AddLocationVC.swift; sourceTree = "<group>"; };
		92E6F8ED24FBD62C00370198 /* LoginVC.swift */ = {isa = PBXFileReference; lastKnownFileType = sourcecode.swift; path = LoginVC.swift; sourceTree = "<group>"; };
		92F366FD251A8AC60063A22F /* UdacityError.swift */ = {isa = PBXFileReference; lastKnownFileType = sourcecode.swift; path = UdacityError.swift; sourceTree = "<group>"; };
		E12E6B26252A59BB00D55FE5 /* BaseStudentsVC.swift */ = {isa = PBXFileReference; lastKnownFileType = sourcecode.swift; path = BaseStudentsVC.swift; sourceTree = "<group>"; };
		E1D6F06A253793E80051D706 /* LocationState.swift */ = {isa = PBXFileReference; lastKnownFileType = sourcecode.swift; path = LocationState.swift; sourceTree = "<group>"; };
/* End PBXFileReference section */

/* Begin PBXFrameworksBuildPhase section */
		9224368324C8D759001129AB /* Frameworks */ = {
			isa = PBXFrameworksBuildPhase;
			buildActionMask = 2147483647;
			files = (
			);
			runOnlyForDeploymentPostprocessing = 0;
		};
/* End PBXFrameworksBuildPhase section */

/* Begin PBXGroup section */
		9224367D24C8D759001129AB = {
			isa = PBXGroup;
			children = (
				9224368824C8D759001129AB /* On-The-Map */,
				9224368724C8D759001129AB /* Products */,
			);
			sourceTree = "<group>";
		};
		9224368724C8D759001129AB /* Products */ = {
			isa = PBXGroup;
			children = (
				9224368624C8D759001129AB /* On-The-Map.app */,
			);
			name = Products;
			sourceTree = "<group>";
		};
		9224368824C8D759001129AB /* On-The-Map */ = {
			isa = PBXGroup;
			children = (
				9224369F24C8D868001129AB /* Model */,
				9224369D24C8D83A001129AB /* Controller */,
				9224369E24C8D85A001129AB /* View */,
				9224369724C8D75A001129AB /* Info.plist */,
			);
			path = "On-The-Map";
			sourceTree = "<group>";
		};
		9224369D24C8D83A001129AB /* Controller */ = {
			isa = PBXGroup;
			children = (
				9224368924C8D759001129AB /* AppDelegate.swift */,
				9224368B24C8D759001129AB /* SceneDelegate.swift */,
				9224368D24C8D759001129AB /* MapVC.swift */,
				925733E724CE161800A09B77 /* StudentsLocationTableVC.swift */,
				92E6F8ED24FBD62C00370198 /* LoginVC.swift */,
				92A5D4142528C7F600F2F20E /* AddLocationVC.swift */,
				E12E6B26252A59BB00D55FE5 /* BaseStudentsVC.swift */,
			);
			path = Controller;
			sourceTree = "<group>";
		};
		9224369E24C8D85A001129AB /* View */ = {
			isa = PBXGroup;
			children = (
				9224368F24C8D759001129AB /* Main.storyboard */,
				9224369224C8D75A001129AB /* Assets.xcassets */,
				9224369424C8D75A001129AB /* LaunchScreen.storyboard */,
			);
			path = View;
			sourceTree = "<group>";
		};
		9224369F24C8D868001129AB /* Model */ = {
			isa = PBXGroup;
			children = (
				922436A024C8D884001129AB /* UdacityAPI.swift */,
				922436A224C8D8AD001129AB /* StudentLocation.swift */,
				922436A424C8D8CA001129AB /* StudentList.swift */,
				92439314250E8A05005F6354 /* UdacityLogin.swift */,
				92F366FD251A8AC60063A22F /* UdacityError.swift */,
				E1D6F06A253793E80051D706 /* LocationState.swift */,
			);
			path = Model;
			sourceTree = "<group>";
		};
/* End PBXGroup section */

/* Begin PBXNativeTarget section */
		9224368524C8D759001129AB /* On-The-Map */ = {
			isa = PBXNativeTarget;
			buildConfigurationList = 9224369A24C8D75A001129AB /* Build configuration list for PBXNativeTarget "On-The-Map" */;
			buildPhases = (
				9224368224C8D759001129AB /* Sources */,
				9224368324C8D759001129AB /* Frameworks */,
				9224368424C8D759001129AB /* Resources */,
			);
			buildRules = (
			);
			dependencies = (
			);
			name = "On-The-Map";
			productName = "On-The-Map";
			productReference = 9224368624C8D759001129AB /* On-The-Map.app */;
			productType = "com.apple.product-type.application";
		};
/* End PBXNativeTarget section */

/* Begin PBXProject section */
		9224367E24C8D759001129AB /* Project object */ = {
			isa = PBXProject;
			attributes = {
				LastSwiftUpdateCheck = 1160;
				LastUpgradeCheck = 1200;
				ORGANIZATIONNAME = "António Bastião";
				TargetAttributes = {
					9224368524C8D759001129AB = {
						CreatedOnToolsVersion = 11.6;
					};
				};
			};
			buildConfigurationList = 9224368124C8D759001129AB /* Build configuration list for PBXProject "On-The-Map" */;
			compatibilityVersion = "Xcode 9.3";
			developmentRegion = en;
			hasScannedForEncodings = 0;
			knownRegions = (
				en,
				Base,
			);
			mainGroup = 9224367D24C8D759001129AB;
			productRefGroup = 9224368724C8D759001129AB /* Products */;
			projectDirPath = "";
			projectRoot = "";
			targets = (
				9224368524C8D759001129AB /* On-The-Map */,
			);
		};
/* End PBXProject section */

/* Begin PBXResourcesBuildPhase section */
		9224368424C8D759001129AB /* Resources */ = {
			isa = PBXResourcesBuildPhase;
			buildActionMask = 2147483647;
			files = (
				9224369624C8D75A001129AB /* LaunchScreen.storyboard in Resources */,
				9224369324C8D75A001129AB /* Assets.xcassets in Resources */,
				9224369124C8D759001129AB /* Main.storyboard in Resources */,
			);
			runOnlyForDeploymentPostprocessing = 0;
		};
/* End PBXResourcesBuildPhase section */

/* Begin PBXSourcesBuildPhase section */
		9224368224C8D759001129AB /* Sources */ = {
			isa = PBXSourcesBuildPhase;
			buildActionMask = 2147483647;
			files = (
				922436A124C8D884001129AB /* UdacityAPI.swift in Sources */,
				E12E6B27252A59BB00D55FE5 /* BaseStudentsVC.swift in Sources */,
				92439315250E8A05005F6354 /* UdacityLogin.swift in Sources */,
				9224368E24C8D759001129AB /* MapVC.swift in Sources */,
				92E6F8EE24FBD62C00370198 /* LoginVC.swift in Sources */,
				9224368A24C8D759001129AB /* AppDelegate.swift in Sources */,
				922436A524C8D8CA001129AB /* StudentList.swift in Sources */,
				92F366FE251A8AC60063A22F /* UdacityError.swift in Sources */,
				E1D6F06B253793E80051D706 /* LocationState.swift in Sources */,
				925733E824CE161800A09B77 /* StudentsLocationTableVC.swift in Sources */,
				922436A324C8D8AD001129AB /* StudentLocation.swift in Sources */,
				9224368C24C8D759001129AB /* SceneDelegate.swift in Sources */,
				92A5D4152528C7F600F2F20E /* AddLocationVC.swift in Sources */,
			);
			runOnlyForDeploymentPostprocessing = 0;
		};
/* End PBXSourcesBuildPhase section */

/* Begin PBXVariantGroup section */
		9224368F24C8D759001129AB /* Main.storyboard */ = {
			isa = PBXVariantGroup;
			children = (
				9224369024C8D759001129AB /* Base */,
			);
			name = Main.storyboard;
			sourceTree = "<group>";
		};
		9224369424C8D75A001129AB /* LaunchScreen.storyboard */ = {
			isa = PBXVariantGroup;
			children = (
				9224369524C8D75A001129AB /* Base */,
			);
			name = LaunchScreen.storyboard;
			sourceTree = "<group>";
		};
/* End PBXVariantGroup section */

/* Begin XCBuildConfiguration section */
		9224369824C8D75A001129AB /* Debug */ = {
			isa = XCBuildConfiguration;
			buildSettings = {
				ALWAYS_SEARCH_USER_PATHS = NO;
				CLANG_ANALYZER_NONNULL = YES;
				CLANG_ANALYZER_NUMBER_OBJECT_CONVERSION = YES_AGGRESSIVE;
				CLANG_CXX_LANGUAGE_STANDARD = "gnu++14";
				CLANG_CXX_LIBRARY = "libc++";
				CLANG_ENABLE_MODULES = YES;
				CLANG_ENABLE_OBJC_ARC = YES;
				CLANG_ENABLE_OBJC_WEAK = YES;
				CLANG_WARN_BLOCK_CAPTURE_AUTORELEASING = YES;
				CLANG_WARN_BOOL_CONVERSION = YES;
				CLANG_WARN_COMMA = YES;
				CLANG_WARN_CONSTANT_CONVERSION = YES;
				CLANG_WARN_DEPRECATED_OBJC_IMPLEMENTATIONS = YES;
				CLANG_WARN_DIRECT_OBJC_ISA_USAGE = YES_ERROR;
				CLANG_WARN_DOCUMENTATION_COMMENTS = YES;
				CLANG_WARN_EMPTY_BODY = YES;
				CLANG_WARN_ENUM_CONVERSION = YES;
				CLANG_WARN_INFINITE_RECURSION = YES;
				CLANG_WARN_INT_CONVERSION = YES;
				CLANG_WARN_NON_LITERAL_NULL_CONVERSION = YES;
				CLANG_WARN_OBJC_IMPLICIT_RETAIN_SELF = YES;
				CLANG_WARN_OBJC_LITERAL_CONVERSION = YES;
				CLANG_WARN_OBJC_ROOT_CLASS = YES_ERROR;
				CLANG_WARN_QUOTED_INCLUDE_IN_FRAMEWORK_HEADER = YES;
				CLANG_WARN_RANGE_LOOP_ANALYSIS = YES;
				CLANG_WARN_STRICT_PROTOTYPES = YES;
				CLANG_WARN_SUSPICIOUS_MOVE = YES;
				CLANG_WARN_UNGUARDED_AVAILABILITY = YES_AGGRESSIVE;
				CLANG_WARN_UNREACHABLE_CODE = YES;
				CLANG_WARN__DUPLICATE_METHOD_MATCH = YES;
				COPY_PHASE_STRIP = NO;
				DEBUG_INFORMATION_FORMAT = dwarf;
				ENABLE_STRICT_OBJC_MSGSEND = YES;
				ENABLE_TESTABILITY = YES;
				GCC_C_LANGUAGE_STANDARD = gnu11;
				GCC_DYNAMIC_NO_PIC = NO;
				GCC_NO_COMMON_BLOCKS = YES;
				GCC_OPTIMIZATION_LEVEL = 0;
				GCC_PREPROCESSOR_DEFINITIONS = (
					"DEBUG=1",
					"$(inherited)",
				);
				GCC_WARN_64_TO_32_BIT_CONVERSION = YES;
				GCC_WARN_ABOUT_RETURN_TYPE = YES_ERROR;
				GCC_WARN_UNDECLARED_SELECTOR = YES;
				GCC_WARN_UNINITIALIZED_AUTOS = YES_AGGRESSIVE;
				GCC_WARN_UNUSED_FUNCTION = YES;
				GCC_WARN_UNUSED_VARIABLE = YES;
				IPHONEOS_DEPLOYMENT_TARGET = 13.6;
				MTL_ENABLE_DEBUG_INFO = INCLUDE_SOURCE;
				MTL_FAST_MATH = YES;
				ONLY_ACTIVE_ARCH = YES;
				SDKROOT = iphoneos;
				SWIFT_ACTIVE_COMPILATION_CONDITIONS = DEBUG;
				SWIFT_OPTIMIZATION_LEVEL = "-Onone";
			};
			name = Debug;
		};
		9224369924C8D75A001129AB /* Release */ = {
			isa = XCBuildConfiguration;
			buildSettings = {
				ALWAYS_SEARCH_USER_PATHS = NO;
				CLANG_ANALYZER_NONNULL = YES;
				CLANG_ANALYZER_NUMBER_OBJECT_CONVERSION = YES_AGGRESSIVE;
				CLANG_CXX_LANGUAGE_STANDARD = "gnu++14";
				CLANG_CXX_LIBRARY = "libc++";
				CLANG_ENABLE_MODULES = YES;
				CLANG_ENABLE_OBJC_ARC = YES;
				CLANG_ENABLE_OBJC_WEAK = YES;
				CLANG_WARN_BLOCK_CAPTURE_AUTORELEASING = YES;
				CLANG_WARN_BOOL_CONVERSION = YES;
				CLANG_WARN_COMMA = YES;
				CLANG_WARN_CONSTANT_CONVERSION = YES;
				CLANG_WARN_DEPRECATED_OBJC_IMPLEMENTATIONS = YES;
				CLANG_WARN_DIRECT_OBJC_ISA_USAGE = YES_ERROR;
				CLANG_WARN_DOCUMENTATION_COMMENTS = YES;
				CLANG_WARN_EMPTY_BODY = YES;
				CLANG_WARN_ENUM_CONVERSION = YES;
				CLANG_WARN_INFINITE_RECURSION = YES;
				CLANG_WARN_INT_CONVERSION = YES;
				CLANG_WARN_NON_LITERAL_NULL_CONVERSION = YES;
				CLANG_WARN_OBJC_IMPLICIT_RETAIN_SELF = YES;
				CLANG_WARN_OBJC_LITERAL_CONVERSION = YES;
				CLANG_WARN_OBJC_ROOT_CLASS = YES_ERROR;
				CLANG_WARN_QUOTED_INCLUDE_IN_FRAMEWORK_HEADER = YES;
				CLANG_WARN_RANGE_LOOP_ANALYSIS = YES;
				CLANG_WARN_STRICT_PROTOTYPES = YES;
				CLANG_WARN_SUSPICIOUS_MOVE = YES;
				CLANG_WARN_UNGUARDED_AVAILABILITY = YES_AGGRESSIVE;
				CLANG_WARN_UNREACHABLE_CODE = YES;
				CLANG_WARN__DUPLICATE_METHOD_MATCH = YES;
				COPY_PHASE_STRIP = NO;
				DEBUG_INFORMATION_FORMAT = "dwarf-with-dsym";
				ENABLE_NS_ASSERTIONS = NO;
				ENABLE_STRICT_OBJC_MSGSEND = YES;
				GCC_C_LANGUAGE_STANDARD = gnu11;
				GCC_NO_COMMON_BLOCKS = YES;
				GCC_WARN_64_TO_32_BIT_CONVERSION = YES;
				GCC_WARN_ABOUT_RETURN_TYPE = YES_ERROR;
				GCC_WARN_UNDECLARED_SELECTOR = YES;
				GCC_WARN_UNINITIALIZED_AUTOS = YES_AGGRESSIVE;
				GCC_WARN_UNUSED_FUNCTION = YES;
				GCC_WARN_UNUSED_VARIABLE = YES;
				IPHONEOS_DEPLOYMENT_TARGET = 13.6;
				MTL_ENABLE_DEBUG_INFO = NO;
				MTL_FAST_MATH = YES;
				SDKROOT = iphoneos;
				SWIFT_COMPILATION_MODE = wholemodule;
				SWIFT_OPTIMIZATION_LEVEL = "-O";
				VALIDATE_PRODUCT = YES;
			};
			name = Release;
		};
		9224369B24C8D75A001129AB /* Debug */ = {
			isa = XCBuildConfiguration;
			buildSettings = {
				ASSETCATALOG_COMPILER_APPICON_NAME = AppIcon;
				CODE_SIGN_STYLE = Automatic;
				DEVELOPMENT_TEAM = 583Q666KGR;
				INFOPLIST_FILE = "On-The-Map/Info.plist";
				LD_RUNPATH_SEARCH_PATHS = (
					"$(inherited)",
					"@executable_path/Frameworks",
				);
				PRODUCT_BUNDLE_IDENTIFIER = "com.curtesmalteser.On-The-Map";
				PRODUCT_NAME = "$(TARGET_NAME)";
				SWIFT_VERSION = 5.0;
				TARGETED_DEVICE_FAMILY = "1,2";
			};
			name = Debug;
		};
		9224369C24C8D75A001129AB /* Release */ = {
			isa = XCBuildConfiguration;
			buildSettings = {
				ASSETCATALOG_COMPILER_APPICON_NAME = AppIcon;
				CODE_SIGN_STYLE = Automatic;
				DEVELOPMENT_TEAM = 583Q666KGR;
				INFOPLIST_FILE = "On-The-Map/Info.plist";
				LD_RUNPATH_SEARCH_PATHS = (
					"$(inherited)",
					"@executable_path/Frameworks",
				);
				PRODUCT_BUNDLE_IDENTIFIER = "com.curtesmalteser.On-The-Map";
				PRODUCT_NAME = "$(TARGET_NAME)";
				SWIFT_VERSION = 5.0;
				TARGETED_DEVICE_FAMILY = "1,2";
			};
			name = Release;
		};
/* End XCBuildConfiguration section */

/* Begin XCConfigurationList section */
		9224368124C8D759001129AB /* Build configuration list for PBXProject "On-The-Map" */ = {
			isa = XCConfigurationList;
			buildConfigurations = (
				9224369824C8D75A001129AB /* Debug */,
				9224369924C8D75A001129AB /* Release */,
			);
			defaultConfigurationIsVisible = 0;
			defaultConfigurationName = Release;
		};
		9224369A24C8D75A001129AB /* Build configuration list for PBXNativeTarget "On-The-Map" */ = {
			isa = XCConfigurationList;
			buildConfigurations = (
				9224369B24C8D75A001129AB /* Debug */,
				9224369C24C8D75A001129AB /* Release */,
			);
			defaultConfigurationIsVisible = 0;
			defaultConfigurationName = Release;
		};
/* End XCConfigurationList section */
	};
	rootObject = 9224367E24C8D759001129AB /* Project object */;
}
